
Microsoft Visual Studio Solution File, Format Version 12.00
# Visual Studio Version 17
VisualStudioVersion = 17.14.36414.22 d17.14
MinimumVisualStudioVersion = 10.0.40219.1
Project("{FAE04EC0-301F-11D3-BF4B-00C04F79EFBC}") = "ProyectoColaborativo", "ProyectoColaborativo.csproj", "{AB3C41E3-CB65-4C7B-98B2-0DF47F671A66}"
EndProject
Global
	GlobalSection(SolutionConfigurationPlatforms) = preSolution
		Debug|Any CPU = Debug|Any CPU
		Release|Any CPU = Release|Any CPU
	EndGlobalSection
	GlobalSection(ProjectConfigurationPlatforms) = postSolution
		{AB3C41E3-CB65-4C7B-98B2-0DF47F671A66}.Debug|Any CPU.ActiveCfg = Debug|Any CPU
		{AB3C41E3-CB65-4C7B-98B2-0DF47F671A66}.Debug|Any CPU.Build.0 = Debug|Any CPU
		{AB3C41E3-CB65-4C7B-98B2-0DF47F671A66}.Release|Any CPU.ActiveCfg = Release|Any CPU
		{AB3C41E3-CB65-4C7B-98B2-0DF47F671A66}.Release|Any CPU.Build.0 = Release|Any CPU
	EndGlobalSection
	GlobalSection(SolutionProperties) = preSolution
		HideSolutionNode = FALSE
	EndGlobalSection
	GlobalSection(ExtensibilityGlobals) = postSolution
		SolutionGuid = {C62BD8D1-BBFE-46E2-9681-DAD687F0037F}
	EndGlobalSection
EndGlobal
